Microsoft Visual Studio Solution File, Format Version 12.00
# Visual Studio 15
VisualStudioVersion = 15.0.27428.2011
MinimumVisualStudioVersion = 10.0.40219.1
Project("{9A19103F-16F7-4668-BE54-9A1E7A4F7556}") = "Aspose.Storage.Cloud.Sdk", "Aspose.Storage.Cloud.Sdk\Aspose.Storage.Cloud.Sdk.core.csproj", "{0AB4BB83-7C11-4EC2-B411-D6011F409F52}"
EndProject
Project("{FAE04EC0-301F-11D3-BF4B-00C04F79EFBC}") = "Aspose.Storage.Cloud.Sdk.Tests", "Aspose.Storage.Cloud.Sdk.Tests\Aspose.Storage.Cloud.Sdk.Tests.core.csproj", "{0AE6C623-7565-4EC0-B4FD-6C2FD91415F0}"
EndProject
Global
	GlobalSection(SolutionConfigurationPlatforms) = preSolution
		Debug|Any CPU = Debug|Any CPU
		Release|Any CPU = Release|Any CPU
	EndGlobalSection
	GlobalSection(ProjectConfigurationPlatforms) = postSolution
		{0AB4BB83-7C11-4EC2-B411-D6011F409F52}.Debug|Any CPU.ActiveCfg = Debug|Any CPU
		{0AB4BB83-7C11-4EC2-B411-D6011F409F52}.Debug|Any CPU.Build.0 = Debug|Any CPU
		{0AB4BB83-7C11-4EC2-B411-D6011F409F52}.Release|Any CPU.ActiveCfg = Release|Any CPU
		{0AB4BB83-7C11-4EC2-B411-D6011F409F52}.Release|Any CPU.Build.0 = Release|Any CPU
		{0AE6C623-7565-4EC0-B4FD-6C2FD91415F0}.Debug|Any CPU.ActiveCfg = Debug|Any CPU
		{0AE6C623-7565-4EC0-B4FD-6C2FD91415F0}.Debug|Any CPU.Build.0 = Debug|Any CPU
		{0AE6C623-7565-4EC0-B4FD-6C2FD91415F0}.Release|Any CPU.ActiveCfg = Release|Any CPU
		{0AE6C623-7565-4EC0-B4FD-6C2FD91415F0}.Release|Any CPU.Build.0 = Release|Any CPU
	EndGlobalSection
	GlobalSection(SolutionProperties) = preSolution
		HideSolutionNode = FALSE
	EndGlobalSection
	GlobalSection(ExtensibilityGlobals) = postSolution
		SolutionGuid = {66F8B672-B8C1-4B2B-BAD0-04FD6C37B663}
	EndGlobalSection
EndGlobal
